
Microsoft Visual Studio Solution File, Format Version 12.00
# Visual Studio Version 16
VisualStudioVersion = 16.0.31729.503
MinimumVisualStudioVersion = 10.0.40219.1
Project("{FAE04EC0-301F-11D3-BF4B-00C04F79EFBC}") = "MOEarthquakeApp.Android", "MOEarthquakeApp.Android\MOEarthquakeApp.Android.csproj", "{234B1818-76DF-4B51-B739-597F31B50C8A}"
EndProject
Project("{FAE04EC0-301F-11D3-BF4B-00C04F79EFBC}") = "MOEarthquakeApp", "MOEarthquakeApp\MOEarthquakeApp.csproj", "{7011B848-3BFD-4015-ABE2-4443A728D3A8}"
EndProject
Global
	GlobalSection(SolutionConfigurationPlatforms) = preSolution
		Debug|Any CPU = Debug|Any CPU
		Release|Any CPU = Release|Any CPU
	EndGlobalSection
	GlobalSection(ProjectConfigurationPlatforms) = postSolution
		{234B1818-76DF-4B51-B739-597F31B50C8A}.Debug|Any CPU.ActiveCfg = Debug|Any CPU
		{234B1818-76DF-4B51-B739-597F31B50C8A}.Debug|Any CPU.Build.0 = Debug|Any CPU
		{234B1818-76DF-4B51-B739-597F31B50C8A}.Debug|Any CPU.Deploy.0 = Debug|Any CPU
		{234B1818-76DF-4B51-B739-597F31B50C8A}.Release|Any CPU.ActiveCfg = Release|Any CPU
		{234B1818-76DF-4B51-B739-597F31B50C8A}.Release|Any CPU.Build.0 = Release|Any CPU
		{234B1818-76DF-4B51-B739-597F31B50C8A}.Release|Any CPU.Deploy.0 = Release|Any CPU
		{7011B848-3BFD-4015-ABE2-4443A728D3A8}.Debug|Any CPU.ActiveCfg = Debug|Any CPU
		{7011B848-3BFD-4015-ABE2-4443A728D3A8}.Debug|Any CPU.Build.0 = Debug|Any CPU
		{7011B848-3BFD-4015-ABE2-4443A728D3A8}.Debug|Any CPU.Deploy.0 = Debug|Any CPU
		{7011B848-3BFD-4015-ABE2-4443A728D3A8}.Release|Any CPU.ActiveCfg = Release|Any CPU
		{7011B848-3BFD-4015-ABE2-4443A728D3A8}.Release|Any CPU.Build.0 = Release|Any CPU
		{7011B848-3BFD-4015-ABE2-4443A728D3A8}.Release|Any CPU.Deploy.0 = Release|Any CPU
	EndGlobalSection
	GlobalSection(SolutionProperties) = preSolution
		HideSolutionNode = FALSE
	EndGlobalSection
	GlobalSection(ExtensibilityGlobals) = postSolution
		SolutionGuid = {01045C0C-0378-430A-A16A-03886F1A3E4B}
	EndGlobalSection
EndGlobal
