
Microsoft Visual Studio Solution File, Format Version 12.00
# Visual Studio Version 16
VisualStudioVersion = 16.0.31729.503
MinimumVisualStudioVersion = 10.0.40219.1
Project("{FAE04EC0-301F-11D3-BF4B-00C04F79EFBC}") = "MOWeatherApp.Android", "MOWeatherApp\MOWeatherApp.Android\MOWeatherApp.Android.csproj", "{531CBB1A-AC74-4315-9437-DA881A094FC4}"
EndProject
Project("{FAE04EC0-301F-11D3-BF4B-00C04F79EFBC}") = "MOWeatherApp", "MOWeatherApp\MOWeatherApp\MOWeatherApp.csproj", "{AC2663A1-E648-4AEB-A4E4-260302B3D962}"
EndProject
Global
	GlobalSection(SolutionConfigurationPlatforms) = preSolution
		Debug|Any CPU = Debug|Any CPU
		Release|Any CPU = Release|Any CPU
	EndGlobalSection
	GlobalSection(ProjectConfigurationPlatforms) = postSolution
		{531CBB1A-AC74-4315-9437-DA881A094FC4}.Debug|Any CPU.ActiveCfg = Debug|Any CPU
		{531CBB1A-AC74-4315-9437-DA881A094FC4}.Debug|Any CPU.Build.0 = Debug|Any CPU
		{531CBB1A-AC74-4315-9437-DA881A094FC4}.Debug|Any CPU.Deploy.0 = Debug|Any CPU
		{531CBB1A-AC74-4315-9437-DA881A094FC4}.Release|Any CPU.ActiveCfg = Release|Any CPU
		{531CBB1A-AC74-4315-9437-DA881A094FC4}.Release|Any CPU.Build.0 = Release|Any CPU
		{531CBB1A-AC74-4315-9437-DA881A094FC4}.Release|Any CPU.Deploy.0 = Release|Any CPU
		{AC2663A1-E648-4AEB-A4E4-260302B3D962}.Debug|Any CPU.ActiveCfg = Debug|Any CPU
		{AC2663A1-E648-4AEB-A4E4-260302B3D962}.Debug|Any CPU.Build.0 = Debug|Any CPU
		{AC2663A1-E648-4AEB-A4E4-260302B3D962}.Debug|Any CPU.Deploy.0 = Debug|Any CPU
		{AC2663A1-E648-4AEB-A4E4-260302B3D962}.Release|Any CPU.ActiveCfg = Release|Any CPU
		{AC2663A1-E648-4AEB-A4E4-260302B3D962}.Release|Any CPU.Build.0 = Release|Any CPU
		{AC2663A1-E648-4AEB-A4E4-260302B3D962}.Release|Any CPU.Deploy.0 = Release|Any CPU
	EndGlobalSection
	GlobalSection(SolutionProperties) = preSolution
		HideSolutionNode = FALSE
	EndGlobalSection
	GlobalSection(ExtensibilityGlobals) = postSolution
		SolutionGuid = {088C4031-2CBF-4DB6-A732-92BEA4663530}
	EndGlobalSection
EndGlobal
